
Microsoft Visual Studio Solution File, Format Version 12.00
# Visual Studio Version 17
VisualStudioVersion = 17.8.34330.188
MinimumVisualStudioVersion = 10.0.40219.1
Project("{9A19103F-16F7-4668-BE54-9A1E7A4F7556}") = "AccessibilityWebApp.Server", "AccessibilityWebApp.Server\AccessibilityWebApp.Server.csproj", "{231DFC95-9955-40A7-B613-A4CAEF05719C}"
EndProject
Project("{54A90642-561A-4BB1-A94E-469ADEE60C69}") = "accessibilitywebapp.client", "accessibilitywebapp.client\accessibilitywebapp.client.esproj", "{3ADE9C7C-1EB1-461E-9306-61EEE4B2FEA0}"
EndProject
Global
	GlobalSection(SolutionConfigurationPlatforms) = preSolution
		Debug|Any CPU = Debug|Any CPU
		Release|Any CPU = Release|Any CPU
	EndGlobalSection
	GlobalSection(ProjectConfigurationPlatforms) = postSolution
		{231DFC95-9955-40A7-B613-A4CAEF05719C}.Debug|Any CPU.ActiveCfg = Debug|Any CPU
		{231DFC95-9955-40A7-B613-A4CAEF05719C}.Debug|Any CPU.Build.0 = Debug|Any CPU
		{231DFC95-9955-40A7-B613-A4CAEF05719C}.Release|Any CPU.ActiveCfg = Release|Any CPU
		{231DFC95-9955-40A7-B613-A4CAEF05719C}.Release|Any CPU.Build.0 = Release|Any CPU
		{3ADE9C7C-1EB1-461E-9306-61EEE4B2FEA0}.Debug|Any CPU.ActiveCfg = Debug|Any CPU
		{3ADE9C7C-1EB1-461E-9306-61EEE4B2FEA0}.Debug|Any CPU.Build.0 = Debug|Any CPU
		{3ADE9C7C-1EB1-461E-9306-61EEE4B2FEA0}.Release|Any CPU.ActiveCfg = Release|Any CPU
		{3ADE9C7C-1EB1-461E-9306-61EEE4B2FEA0}.Release|Any CPU.Build.0 = Release|Any CPU
		{3ADE9C7C-1EB1-461E-9306-61EEE4B2FEA0}.Release|Any CPU.Deploy.0 = Release|Any CPU
	EndGlobalSection
	GlobalSection(SolutionProperties) = preSolution
		HideSolutionNode = FALSE
	EndGlobalSection
	GlobalSection(ExtensibilityGlobals) = postSolution
		SolutionGuid = {27C5DCDA-6FF4-4D58-A6D3-9A1A3F7EC4FF}
	EndGlobalSection
EndGlobal
